
Microsoft Visual Studio Solution File, Format Version 12.00
# Visual Studio Version 16
VisualStudioVersion = 16.0.32106.194
MinimumVisualStudioVersion = 10.0.40219.1
Project("{9A19103F-16F7-4668-BE54-9A1E7A4F7556}") = "Controllers", "EllerResume\Controllers.csproj", "{F658BEA2-EC59-4BC4-BBCD-BFD89E447676}"
	ProjectSection(ProjectDependencies) = postProject
		{490696DC-DF66-4E88-88D8-927FCC5E5255} = {490696DC-DF66-4E88-88D8-927FCC5E5255}
	EndProjectSection
EndProject
Project("{9A19103F-16F7-4668-BE54-9A1E7A4F7556}") = "Common", "Common\Common.csproj", "{490696DC-DF66-4E88-88D8-927FCC5E5255}"
EndProject
Global
	GlobalSection(SolutionConfigurationPlatforms) = preSolution
		Debug|Any CPU = Debug|Any CPU
		Release|Any CPU = Release|Any CPU
	EndGlobalSection
	GlobalSection(ProjectConfigurationPlatforms) = postSolution
		{F658BEA2-EC59-4BC4-BBCD-BFD89E447676}.Debug|Any CPU.ActiveCfg = Debug|Any CPU
		{F658BEA2-EC59-4BC4-BBCD-BFD89E447676}.Debug|Any CPU.Build.0 = Debug|Any CPU
		{F658BEA2-EC59-4BC4-BBCD-BFD89E447676}.Release|Any CPU.ActiveCfg = Release|Any CPU
		{F658BEA2-EC59-4BC4-BBCD-BFD89E447676}.Release|Any CPU.Build.0 = Release|Any CPU
		{490696DC-DF66-4E88-88D8-927FCC5E5255}.Debug|Any CPU.ActiveCfg = Debug|Any CPU
		{490696DC-DF66-4E88-88D8-927FCC5E5255}.Debug|Any CPU.Build.0 = Debug|Any CPU
		{490696DC-DF66-4E88-88D8-927FCC5E5255}.Release|Any CPU.ActiveCfg = Release|Any CPU
		{490696DC-DF66-4E88-88D8-927FCC5E5255}.Release|Any CPU.Build.0 = Release|Any CPU
	EndGlobalSection
	GlobalSection(SolutionProperties) = preSolution
		HideSolutionNode = FALSE
	EndGlobalSection
	GlobalSection(ExtensibilityGlobals) = postSolution
		SolutionGuid = {9335D374-7C93-41CF-95A6-03E1ACBDC2E7}
	EndGlobalSection
EndGlobal
